{
  "lockfile_version": "1",
  "packages": {
    "cspell@9.7.0": {
      "last_modified": "2026-03-15T17:58:12Z",
      "resolved": "github:NixOS/nixpkgs/a07d4ce6bee67d7c838a8a5796e75dff9caa21ef#cspell",
      "source": "devbox-search",
      "version": "9.7.0",
      "systems": {
        "aarch64-darwin": {
          "outputs": [
            {
              "name": "out",
              "path": "/nix/store/hcfz8l7ydidcswmlfpi96fpixca8sgag-cspell-9.7.0",
              "default": true
            }
          ],
          "store_path": "/nix/store/hcfz8l7ydidcswmlfpi96fpixca8sgag-cspell-9.7.0"
        },
        "aarch64-linux": {
          "outputs": [
            {
              "name": "out",
              "path": "/nix/store/6x5f79bhnnbprmnylrg5hsqirsxa1y3n-cspell-9.7.0",
              "default": true
            }
          ],
          "store_path": "/nix/store/6x5f79bhnnbprmnylrg5hsqirsxa1y3n-cspell-9.7.0"
        },
        "x86_64-darwin": {
          "outputs": [
            {
              "name": "out",
              "path": "/nix/store/lhbm1hr94xa4mrmapvnbxaxrs94wp31r-cspell-9.7.0",
              "default": true
            }
          ],
          "store_path": "/nix/store/lhbm1hr94xa4mrmapvnbxaxrs94wp31r-cspell-9.7.0"
        },
        "x86_64-linux": {
          "outputs": [
            {
              "name": "out",
              "path": "/nix/store/db0x7r114m4gwmvg9li44k767zn9adjc-cspell-9.7.0",
              "default": true
            }
          ],
          "store_path": "/nix/store/db0x7r114m4gwmvg9li44k767zn9adjc-cspell-9.7.0"
        }
      }
    },
    "go@1.26.4": {
      "last_modified": "2026-06-27T07:37:20Z",
      "resolved": "github:NixOS/nixpkgs/3d46470bb3030020f7e1361f33514854f5bfa86d#go",
      "source": "devbox-search",
      "version": "1.26.4",
      "systems": {
        "aarch64-darwin": {
          "outputs": [
            {
              "name": "out",
              "path": "/nix/store/kyai650rrywrzflnwda9mbk2c2j9w68r-go-1.26.4",
              "default": true
            }
          ],
          "store_path": "/nix/store/kyai650rrywrzflnwda9mbk2c2j9w68r-go-1.26.4"
        },
        "aarch64-linux": {
          "outputs": [
            {
              "name": "out",
              "path": "/nix/store/lgcj27hrbanbc93xm9zdrldds7b1jrw8-go-1.26.4",
              "default": true
            }
          ],
          "store_path": "/nix/store/lgcj27hrbanbc93xm9zdrldds7b1jrw8-go-1.26.4"
        },
        "x86_64-darwin": {
          "outputs": [
            {
              "name": "out",
              "path": "/nix/store/h0z6ghmi3cihlbm163d72xs9p9nn04a1-go-1.26.4",
              "default": true
            }
          ],
          "store_path": "/nix/store/h0z6ghmi3cihlbm163d72xs9p9nn04a1-go-1.26.4"
        },
        "x86_64-linux": {
          "outputs": [
            {
              "name": "out",
              "path": "/nix/store/gb0njhqswlc5n127ikgyikvq39r40l6f-go-1.26.4",
              "default": true
            }
          ],
          "store_path": "/nix/store/gb0njhqswlc5n127ikgyikvq39r40l6f-go-1.26.4"
        }
      }
    },
    "golangci-lint@2.12.2": {
      "last_modified": "2026-05-07T03:23:16Z",
      "resolved": "github:NixOS/nixpkgs/68a8af93ff4297686cb68880845e61e5e2e41d92#golangci-lint",
      "source": "devbox-search",
      "version": "2.12.2",
      "systems": {
        "aarch64-darwin": {
          "outputs": [
            {
              "name": "out",
              "path": "/nix/store/nzhf361nlv2smh50jv1inlryzlak4fya-golangci-lint-2.12.2",
              "default": true
            }
          ],
          "store_path": "/nix/store/nzhf361nlv2smh50jv1inlryzlak4fya-golangci-lint-2.12.2"
        },
        "aarch64-linux": {
          "outputs": [
            {
              "name": "out",
              "path": "/nix/store/4ia7mxwwk6h1dndh5lpd31vvqblc2zf8-golangci-lint-2.12.2",
              "default": true
            }
          ],
          "store_path": "/nix/store/4ia7mxwwk6h1dndh5lpd31vvqblc2zf8-golangci-lint-2.12.2"
        },
        "x86_64-darwin": {
          "outputs": [
            {
              "name": "out",
              "path": "/nix/store/90ygwc3q2z11g582s87938kk36ird6ly-golangci-lint-2.12.2",
              "default": true
            }
          ],
          "store_path": "/nix/store/90ygwc3q2z11g582s87938kk36ird6ly-golangci-lint-2.12.2"
        },
        "x86_64-linux": {
          "outputs": [
            {
              "name": "out",
              "path": "/nix/store/7n9yf0ca2z9qgywb70145imqdkcnp0r6-golangci-lint-2.12.2",
              "default": true
            }
          ],
          "store_path": "/nix/store/7n9yf0ca2z9qgywb70145imqdkcnp0r6-golangci-lint-2.12.2"
        }
      }
    },
    "gotools@0.44.0": {
      "last_modified": "2026-04-23T13:07:47Z",
      "resolved": "github:NixOS/nixpkgs/01fbdeef22b76df85ea168fbfe1bfd9e63681b30#gotools",
      "source": "devbox-search",
      "version": "0.44.0",
      "systems": {
        "aarch64-darwin": {
          "outputs": [
            {
              "name": "out",
              "path": "/nix/store/v4ydl55gm80rj9lky6qrinj5df1vi8lv-gotools-0.44.0",
              "default": true
            }
          ],
          "store_path": "/nix/store/v4ydl55gm80rj9lky6qrinj5df1vi8lv-gotools-0.44.0"
        },
        "aarch64-linux": {
          "outputs": [
            {
              "name": "out",
              "path": "/nix/store/wqhapxzcq77zv0c867k0991m3vv0r3g3-gotools-0.44.0",
              "default": true
            }
          ],
          "store_path": "/nix/store/wqhapxzcq77zv0c867k0991m3vv0r3g3-gotools-0.44.0"
        },
        "x86_64-darwin": {
          "outputs": [
            {
              "name": "out",
              "path": "/nix/store/7w1qflv2b0mgfia3xjnkghhyanv1rgzk-gotools-0.44.0",
              "default": true
            }
          ],
          "store_path": "/nix/store/7w1qflv2b0mgfia3xjnkghhyanv1rgzk-gotools-0.44.0"
        },
        "x86_64-linux": {
          "outputs": [
            {
              "name": "out",
              "path": "/nix/store/mip3wvnnvakhk9q3jjr9b169lq6v60ln-gotools-0.44.0",
              "default": true
            }
          ],
          "store_path": "/nix/store/mip3wvnnvakhk9q3jjr9b169lq6v60ln-gotools-0.44.0"
        }
      }
    },
    "just@1.56.0": {
      "last_modified": "2026-07-14T18:49:32Z",
      "resolved": "github:NixOS/nixpkgs/3889d66586e664adc76aa5c242331d3d71786187#just",
      "source": "devbox-search",
      "version": "1.56.0",
      "systems": {
        "aarch64-darwin": {
          "outputs": [
            {
              "name": "out",
              "path": "/nix/store/lf6jqwr8y9kzbxh3f8bgr1rnq88q8l88-just-1.56.0",
              "default": true
            },
            {
              "name": "man",
              "path": "/nix/store/yxs77wyqk7f3aad0jg6i95pn44bcvbd0-just-1.56.0-man",
              "default": true
            },
            {
              "name": "doc",
              "path": "/nix/store/33skrm6br942nf2gqx8d4k95is0sdq1y-just-1.56.0-doc"
            }
          ],
          "store_path": "/nix/store/lf6jqwr8y9kzbxh3f8bgr1rnq88q8l88-just-1.56.0"
        },
        "aarch64-linux": {
          "outputs": [
            {
              "name": "out",
              "path": "/nix/store/5j2cz9f9hq8l0lyxd523c3dyz90qsq4f-just-1.56.0",
              "default": true
            },
            {
              "name": "man",
              "path": "/nix/store/fqdcg6lk5k1vs96n2qqnji4ygm2ykqhp-just-1.56.0-man",
              "default": true
            },
            {
              "name": "doc",
              "path": "/nix/store/6h2zipzg87jvld0w0bcaz9wp0gpipl2w-just-1.56.0-doc"
            }
          ],
          "store_path": "/nix/store/5j2cz9f9hq8l0lyxd523c3dyz90qsq4f-just-1.56.0"
        },
        "x86_64-linux": {
          "outputs": [
            {
              "name": "out",
              "path": "/nix/store/vz288y09gsn0l3057ylw2c5ab4wwmcpk-just-1.56.0",
              "default": true
            },
            {
              "name": "man",
              "path": "/nix/store/s41ap55sj4977d762rssy1cpw6nsmp74-just-1.56.0-man",
              "default": true
            },
            {
              "name": "doc",
              "path": "/nix/store/qv1qka7zb8521pykwf8xvh17p87rw43q-just-1.56.0-doc"
            }
          ],
          "store_path": "/nix/store/vz288y09gsn0l3057ylw2c5ab4wwmcpk-just-1.56.0"
        }
      }
    },
    "markdownlint-cli@0.49.1": {
      "last_modified": "2026-07-15T11:37:32Z",
      "resolved": "github:NixOS/nixpkgs/35d3407a3816f3b341d8cf1d60abaf2b7b8166ac#markdownlint-cli",
      "source": "devbox-search",
      "version": "0.49.1",
      "systems": {
        "aarch64-darwin": {
          "outputs": [
            {
              "name": "out",
              "path": "/nix/store/ck6739c55rxyxyijdxk7rkg9k9753mz6-markdownlint-cli-0.49.1",
              "default": true
            }
          ],
          "store_path": "/nix/store/ck6739c55rxyxyijdxk7rkg9k9753mz6-markdownlint-cli-0.49.1"
        },
        "aarch64-linux": {
          "outputs": [
            {
              "name": "out",
              "path": "/nix/store/513mavccmz5isbli1r2zdxww2alf5pg1-markdownlint-cli-0.49.1",
              "default": true
            }
          ],
          "store_path": "/nix/store/513mavccmz5isbli1r2zdxww2alf5pg1-markdownlint-cli-0.49.1"
        },
        "x86_64-linux": {
          "outputs": [
            {
              "name": "out",
              "path": "/nix/store/jbzr5jziwlpqj3iv7pqp1jh44i4k5sj1-markdownlint-cli-0.49.1",
              "default": true
            }
          ],
          "store_path": "/nix/store/jbzr5jziwlpqj3iv7pqp1jh44i4k5sj1-markdownlint-cli-0.49.1"
        }
      }
    }
  }
}
