{
  "lockfile_version": "1",
  "packages": {
    "cspell@9.7.0": {
      "last_modified": "2026-03-15T17:58:12Z",
      "resolved": "github:NixOS/nixpkgs/a07d4ce6bee67d7c838a8a5796e75dff9caa21ef#cspell",
      "source": "devbox-search",
      "version": "9.7.0",
      "systems": {
        "aarch64-darwin": {
          "outputs": [
            {
              "name": "out",
              "path": "/nix/store/hcfz8l7ydidcswmlfpi96fpixca8sgag-cspell-9.7.0",
              "default": true
            }
          ],
          "store_path": "/nix/store/hcfz8l7ydidcswmlfpi96fpixca8sgag-cspell-9.7.0"
        },
        "aarch64-linux": {
          "outputs": [
            {
              "name": "out",
              "path": "/nix/store/6x5f79bhnnbprmnylrg5hsqirsxa1y3n-cspell-9.7.0",
              "default": true
            }
          ],
          "store_path": "/nix/store/6x5f79bhnnbprmnylrg5hsqirsxa1y3n-cspell-9.7.0"
        },
        "x86_64-darwin": {
          "outputs": [
            {
              "name": "out",
              "path": "/nix/store/lhbm1hr94xa4mrmapvnbxaxrs94wp31r-cspell-9.7.0",
              "default": true
            }
          ],
          "store_path": "/nix/store/lhbm1hr94xa4mrmapvnbxaxrs94wp31r-cspell-9.7.0"
        },
        "x86_64-linux": {
          "outputs": [
            {
              "name": "out",
              "path": "/nix/store/db0x7r114m4gwmvg9li44k767zn9adjc-cspell-9.7.0",
              "default": true
            }
          ],
          "store_path": "/nix/store/db0x7r114m4gwmvg9li44k767zn9adjc-cspell-9.7.0"
        }
      }
    },
    "go@1.26.5": {
      "last_modified": "2026-08-01T16:34:20Z",
      "resolved": "github:NixOS/nixpkgs/a5cbcfe954791221bfffe2307f7d1a1bf61a871e#go",
      "source": "devbox-search",
      "version": "1.26.5",
      "systems": {
        "aarch64-darwin": {
          "outputs": [
            {
              "name": "out",
              "path": "/nix/store/8g06ffyaas333hzhsjcd50nqbsldqjhh-go-1.26.5",
              "default": true
            }
          ],
          "store_path": "/nix/store/8g06ffyaas333hzhsjcd50nqbsldqjhh-go-1.26.5"
        },
        "aarch64-linux": {
          "outputs": [
            {
              "name": "out",
              "path": "/nix/store/p8wbwrmaqggbg1griwkcjag8lbkgz0qg-go-1.26.5",
              "default": true
            }
          ],
          "store_path": "/nix/store/p8wbwrmaqggbg1griwkcjag8lbkgz0qg-go-1.26.5"
        },
        "x86_64-linux": {
          "outputs": [
            {
              "name": "out",
              "path": "/nix/store/pwj3x44pp735yb038fnmqckyyra9k29x-go-1.26.5",
              "default": true
            }
          ],
          "store_path": "/nix/store/pwj3x44pp735yb038fnmqckyyra9k29x-go-1.26.5"
        }
      }
    },
    "golangci-lint@2.13.1": {
      "last_modified": "2026-08-22T02:12:10Z",
      "resolved": "github:NixOS/nixpkgs/a831408e6378bc02ebf8cc09b52c96ca86f6bab4#golangci-lint",
      "source": "devbox-search",
      "version": "2.13.1",
      "systems": {
        "aarch64-darwin": {
          "outputs": [
            {
              "name": "out",
              "path": "/nix/store/2ddz1c6nixfk37xbw2xm8mc4791xiapp-golangci-lint-2.13.1",
              "default": true
            }
          ],
          "store_path": "/nix/store/2ddz1c6nixfk37xbw2xm8mc4791xiapp-golangci-lint-2.13.1"
        },
        "aarch64-linux": {
          "outputs": [
            {
              "name": "out",
              "path": "/nix/store/ly1ppwpfd0dp43qdvlg1qrz5g75m10pq-golangci-lint-2.13.1",
              "default": true
            }
          ],
          "store_path": "/nix/store/ly1ppwpfd0dp43qdvlg1qrz5g75m10pq-golangci-lint-2.13.1"
        },
        "x86_64-linux": {
          "outputs": [
            {
              "name": "out",
              "path": "/nix/store/f8g7b23rb71n4cwv3lyj870c5yk22kqy-golangci-lint-2.13.1",
              "default": true
            }
          ],
          "store_path": "/nix/store/f8g7b23rb71n4cwv3lyj870c5yk22kqy-golangci-lint-2.13.1"
        }
      }
    },
    "gotools@0.44.0": {
      "last_modified": "2026-04-23T13:07:47Z",
      "resolved": "github:NixOS/nixpkgs/01fbdeef22b76df85ea168fbfe1bfd9e63681b30#gotools",
      "source": "devbox-search",
      "version": "0.44.0",
      "systems": {
        "aarch64-darwin": {
          "outputs": [
            {
              "name": "out",
              "path": "/nix/store/v4ydl55gm80rj9lky6qrinj5df1vi8lv-gotools-0.44.0",
              "default": true
            }
          ],
          "store_path": "/nix/store/v4ydl55gm80rj9lky6qrinj5df1vi8lv-gotools-0.44.0"
        },
        "aarch64-linux": {
          "outputs": [
            {
              "name": "out",
              "path": "/nix/store/wqhapxzcq77zv0c867k0991m3vv0r3g3-gotools-0.44.0",
              "default": true
            }
          ],
          "store_path": "/nix/store/wqhapxzcq77zv0c867k0991m3vv0r3g3-gotools-0.44.0"
        },
        "x86_64-darwin": {
          "outputs": [
            {
              "name": "out",
              "path": "/nix/store/7w1qflv2b0mgfia3xjnkghhyanv1rgzk-gotools-0.44.0",
              "default": true
            }
          ],
          "store_path": "/nix/store/7w1qflv2b0mgfia3xjnkghhyanv1rgzk-gotools-0.44.0"
        },
        "x86_64-linux": {
          "outputs": [
            {
              "name": "out",
              "path": "/nix/store/mip3wvnnvakhk9q3jjr9b169lq6v60ln-gotools-0.44.0",
              "default": true
            }
          ],
          "store_path": "/nix/store/mip3wvnnvakhk9q3jjr9b169lq6v60ln-gotools-0.44.0"
        }
      }
    },
    "just@1.58.0": {
      "last_modified": "2026-08-10T07:49:06Z",
      "resolved": "github:NixOS/nixpkgs/d482ef84049d9b7276b83a06e4e4d76983830097#just",
      "source": "devbox-search",
      "version": "1.58.0",
      "systems": {
        "aarch64-darwin": {
          "outputs": [
            {
              "name": "out",
              "path": "/nix/store/ihsdfh1na2rzqalygr82d5qikiahiwnd-just-1.58.0",
              "default": true
            },
            {
              "name": "man",
              "path": "/nix/store/d7z9yd70lw20x6qqkrcks8f8s7zrydpw-just-1.58.0-man",
              "default": true
            },
            {
              "name": "doc",
              "path": "/nix/store/p47q8293iafrgiwn7qk72vb4lbhklqvr-just-1.58.0-doc"
            }
          ],
          "store_path": "/nix/store/ihsdfh1na2rzqalygr82d5qikiahiwnd-just-1.58.0"
        },
        "aarch64-linux": {
          "outputs": [
            {
              "name": "out",
              "path": "/nix/store/rd60rw62xy6kf5zxii6faq62703341pd-just-1.58.0",
              "default": true
            },
            {
              "name": "man",
              "path": "/nix/store/prarbc4z1lq4w67bkm0kiqq2la1a2i6b-just-1.58.0-man",
              "default": true
            },
            {
              "name": "doc",
              "path": "/nix/store/259q4k1fnkvc13g881m4rgah221z8j6b-just-1.58.0-doc"
            }
          ],
          "store_path": "/nix/store/rd60rw62xy6kf5zxii6faq62703341pd-just-1.58.0"
        },
        "x86_64-linux": {
          "outputs": [
            {
              "name": "out",
              "path": "/nix/store/h9prkvik9i33agvfdyr7vhk6jg3w3r59-just-1.58.0",
              "default": true
            },
            {
              "name": "man",
              "path": "/nix/store/wab754pfpxcfk0vg9i08hm2dglh7q16h-just-1.58.0-man",
              "default": true
            },
            {
              "name": "doc",
              "path": "/nix/store/0y3793yd2hpa00pdf3z8p5r5xf4j6x79-just-1.58.0-doc"
            }
          ],
          "store_path": "/nix/store/h9prkvik9i33agvfdyr7vhk6jg3w3r59-just-1.58.0"
        }
      }
    },
    "markdownlint-cli@0.49.1": {
      "last_modified": "2026-07-15T11:37:32Z",
      "resolved": "github:NixOS/nixpkgs/35d3407a3816f3b341d8cf1d60abaf2b7b8166ac#markdownlint-cli",
      "source": "devbox-search",
      "version": "0.49.1",
      "systems": {
        "aarch64-darwin": {
          "outputs": [
            {
              "name": "out",
              "path": "/nix/store/ck6739c55rxyxyijdxk7rkg9k9753mz6-markdownlint-cli-0.49.1",
              "default": true
            }
          ],
          "store_path": "/nix/store/ck6739c55rxyxyijdxk7rkg9k9753mz6-markdownlint-cli-0.49.1"
        },
        "aarch64-linux": {
          "outputs": [
            {
              "name": "out",
              "path": "/nix/store/513mavccmz5isbli1r2zdxww2alf5pg1-markdownlint-cli-0.49.1",
              "default": true
            }
          ],
          "store_path": "/nix/store/513mavccmz5isbli1r2zdxww2alf5pg1-markdownlint-cli-0.49.1"
        },
        "x86_64-linux": {
          "outputs": [
            {
              "name": "out",
              "path": "/nix/store/jbzr5jziwlpqj3iv7pqp1jh44i4k5sj1-markdownlint-cli-0.49.1",
              "default": true
            }
          ],
          "store_path": "/nix/store/jbzr5jziwlpqj3iv7pqp1jh44i4k5sj1-markdownlint-cli-0.49.1"
        }
      }
    }
  }
}
